
Microsoft Visual Studio Solution File, Format Version 12.00
# Visual Studio 15
VisualStudioVersion = 15.0.28307.757
MinimumVisualStudioVersion = 10.0.40219.1
Project("{FAE04EC0-301F-11D3-BF4B-00C04F79EFBC}") = "MyAppMVC", "MyAppMVC\MyAppMVC.csproj", "{E0757DC7-90CA-4E8B-A4BA-800BE6E039EC}"
EndProject
Global
	GlobalSection(SolutionConfigurationPlatforms) = preSolution
		Debug|Any CPU = Debug|Any CPU
		Release|Any CPU = Release|Any CPU
	EndGlobalSection
	GlobalSection(ProjectConfigurationPlatforms) = postSolution
		{E0757DC7-90CA-4E8B-A4BA-800BE6E039EC}.Debug|Any CPU.ActiveCfg = Debug|Any CPU
		{E0757DC7-90CA-4E8B-A4BA-800BE6E039EC}.Debug|Any CPU.Build.0 = Debug|Any CPU
		{E0757DC7-90CA-4E8B-A4BA-800BE6E039EC}.Release|Any CPU.ActiveCfg = Release|Any CPU
		{E0757DC7-90CA-4E8B-A4BA-800BE6E039EC}.Release|Any CPU.Build.0 = Release|Any CPU
	EndGlobalSection
	GlobalSection(SolutionProperties) = preSolution
		HideSolutionNode = FALSE
	EndGlobalSection
	GlobalSection(ExtensibilityGlobals) = postSolution
		SolutionGuid = {F5172188-C662-44D3-98F2-49D2FF53C648}
	EndGlobalSection
EndGlobal
